
Microsoft Visual Studio Solution File, Format Version 12.00
# Visual Studio Version 17
VisualStudioVersion = 17.3.32922.545
MinimumVisualStudioVersion = 10.0.40219.1
Project("{FAE04EC0-301F-11D3-BF4B-00C04F79EFBC}") = "OA_Data", "OA_Data\OA_Data.csproj", "{AB88269E-2A2B-40B9-9D1D-3FA2280DDB31}"
EndProject
Project("{FAE04EC0-301F-11D3-BF4B-00C04F79EFBC}") = "OA_Repo", "OA_Repo\OA_Repo.csproj", "{2F938048-98E6-43E4-8A08-21A4123CD0DB}"
EndProject
Project("{FAE04EC0-301F-11D3-BF4B-00C04F79EFBC}") = "OA_Service", "OA_Service\OA_Service.csproj", "{CAC0DC48-93FD-4D3F-B2BA-AFA51D2C1521}"
EndProject
Project("{FAE04EC0-301F-11D3-BF4B-00C04F79EFBC}") = "OA_Web", "OA_Web\OA_Web.csproj", "{823F8C76-3B88-4021-B75F-9BD39561FF3D}"
EndProject
Global
	GlobalSection(SolutionConfigurationPlatforms) = preSolution
		Debug|Any CPU = Debug|Any CPU
		Release|Any CPU = Release|Any CPU
	EndGlobalSection
	GlobalSection(ProjectConfigurationPlatforms) = postSolution
		{AB88269E-2A2B-40B9-9D1D-3FA2280DDB31}.Debug|Any CPU.ActiveCfg = Debug|Any CPU
		{AB88269E-2A2B-40B9-9D1D-3FA2280DDB31}.Debug|Any CPU.Build.0 = Debug|Any CPU
		{AB88269E-2A2B-40B9-9D1D-3FA2280DDB31}.Release|Any CPU.ActiveCfg = Release|Any CPU
		{AB88269E-2A2B-40B9-9D1D-3FA2280DDB31}.Release|Any CPU.Build.0 = Release|Any CPU
		{2F938048-98E6-43E4-8A08-21A4123CD0DB}.Debug|Any CPU.ActiveCfg = Debug|Any CPU
		{2F938048-98E6-43E4-8A08-21A4123CD0DB}.Debug|Any CPU.Build.0 = Debug|Any CPU
		{2F938048-98E6-43E4-8A08-21A4123CD0DB}.Release|Any CPU.ActiveCfg = Release|Any CPU
		{2F938048-98E6-43E4-8A08-21A4123CD0DB}.Release|Any CPU.Build.0 = Release|Any CPU
		{CAC0DC48-93FD-4D3F-B2BA-AFA51D2C1521}.Debug|Any CPU.ActiveCfg = Debug|Any CPU
		{CAC0DC48-93FD-4D3F-B2BA-AFA51D2C1521}.Debug|Any CPU.Build.0 = Debug|Any CPU
		{CAC0DC48-93FD-4D3F-B2BA-AFA51D2C1521}.Release|Any CPU.ActiveCfg = Release|Any CPU
		{CAC0DC48-93FD-4D3F-B2BA-AFA51D2C1521}.Release|Any CPU.Build.0 = Release|Any CPU
		{823F8C76-3B88-4021-B75F-9BD39561FF3D}.Debug|Any CPU.ActiveCfg = Debug|Any CPU
		{823F8C76-3B88-4021-B75F-9BD39561FF3D}.Debug|Any CPU.Build.0 = Debug|Any CPU
		{823F8C76-3B88-4021-B75F-9BD39561FF3D}.Release|Any CPU.ActiveCfg = Release|Any CPU
		{823F8C76-3B88-4021-B75F-9BD39561FF3D}.Release|Any CPU.Build.0 = Release|Any CPU
	EndGlobalSection
	GlobalSection(SolutionProperties) = preSolution
		HideSolutionNode = FALSE
	EndGlobalSection
	GlobalSection(ExtensibilityGlobals) = postSolution
		SolutionGuid = {3364CE2B-7E09-4D1A-81A5-AA05D8F58FF2}
	EndGlobalSection
EndGlobal
